
Microsoft Visual Studio Solution File, Format Version 11.00
# Visual Studio 2010
Project("{FAE04EC0-301F-11D3-BF4B-00C04F79EFBC}") = "RecommendationSystem.Knn", "RecommendationSystem.Knn\RecommendationSystem.Knn.csproj", "{0CC07C11-11EA-411F-AE88-B0A1BD2CF650}"
	ProjectSection(ProjectDependencies) = postProject
		{7B9D08A9-A495-4C57-BCF1-5047A0C4C6F7} = {7B9D08A9-A495-4C57-BCF1-5047A0C4C6F7}
	EndProjectSection
EndProject
Project("{FAE04EC0-301F-11D3-BF4B-00C04F79EFBC}") = "RecommendationSystem.SimpleSvd", "RecommendationSystem.SimpleSvd\RecommendationSystem.SimpleSvd.csproj", "{80E6B57C-A34D-4442-AE09-181D11DF32E6}"
	ProjectSection(ProjectDependencies) = postProject
		{7B9D08A9-A495-4C57-BCF1-5047A0C4C6F7} = {7B9D08A9-A495-4C57-BCF1-5047A0C4C6F7}
	EndProjectSection
EndProject
Project("{FAE04EC0-301F-11D3-BF4B-00C04F79EFBC}") = "RecommendationSystem.Data", "RecommendationSystem.Data\RecommendationSystem.Data.csproj", "{7B9D08A9-A495-4C57-BCF1-5047A0C4C6F7}"
EndProject
Project("{FAE04EC0-301F-11D3-BF4B-00C04F79EFBC}") = "RecommendationSystem", "RecommendationSystem\RecommendationSystem.csproj", "{D06E40A7-652F-4D3B-8F5B-8E4F3B841E7E}"
EndProject
Project("{FAE04EC0-301F-11D3-BF4B-00C04F79EFBC}") = "RecommendationSystem.QualityTesting", "RecommendationSystem.QualityTesting\RecommendationSystem.QualityTesting.csproj", "{C95EF281-8FEF-4D76-9B14-EFEDCCE133D1}"
EndProject
Project("{FAE04EC0-301F-11D3-BF4B-00C04F79EFBC}") = "RecommendationSystem.Naive", "RecommendationSystem.Naive\RecommendationSystem.Naive.csproj", "{64468AE3-522C-4F18-8331-364E0FCBD942}"
EndProject
Project("{FAE04EC0-301F-11D3-BF4B-00C04F79EFBC}") = "RecommendationSystem.Svd.Foundation", "RecommendationSystem.Svd.Foundation\RecommendationSystem.Svd.Foundation.csproj", "{F7484A47-1256-4566-9C47-78CDD5F403E2}"
EndProject
Global
	GlobalSection(SolutionConfigurationPlatforms) = preSolution
		Debug|Any CPU = Debug|Any CPU
		Debug|Mixed Platforms = Debug|Mixed Platforms
		Debug|x64 = Debug|x64
		Debug|x86 = Debug|x86
		Release|Any CPU = Release|Any CPU
		Release|Mixed Platforms = Release|Mixed Platforms
		Release|x64 = Release|x64
		Release|x86 = Release|x86
	EndGlobalSection
	GlobalSection(ProjectConfigurationPlatforms) = postSolution
		{0CC07C11-11EA-411F-AE88-B0A1BD2CF650}.Debug|Any CPU.ActiveCfg = Debug|x86
		{0CC07C11-11EA-411F-AE88-B0A1BD2CF650}.Debug|Mixed Platforms.ActiveCfg = Debug|x86
		{0CC07C11-11EA-411F-AE88-B0A1BD2CF650}.Debug|Mixed Platforms.Build.0 = Debug|x86
		{0CC07C11-11EA-411F-AE88-B0A1BD2CF650}.Debug|x64.ActiveCfg = Debug|x86
		{0CC07C11-11EA-411F-AE88-B0A1BD2CF650}.Debug|x86.ActiveCfg = Debug|x86
		{0CC07C11-11EA-411F-AE88-B0A1BD2CF650}.Debug|x86.Build.0 = Debug|x86
		{0CC07C11-11EA-411F-AE88-B0A1BD2CF650}.Release|Any CPU.ActiveCfg = Release|x86
		{0CC07C11-11EA-411F-AE88-B0A1BD2CF650}.Release|Mixed Platforms.ActiveCfg = Release|x86
		{0CC07C11-11EA-411F-AE88-B0A1BD2CF650}.Release|Mixed Platforms.Build.0 = Release|x86
		{0CC07C11-11EA-411F-AE88-B0A1BD2CF650}.Release|x64.ActiveCfg = Release|x86
		{0CC07C11-11EA-411F-AE88-B0A1BD2CF650}.Release|x86.ActiveCfg = Release|x86
		{0CC07C11-11EA-411F-AE88-B0A1BD2CF650}.Release|x86.Build.0 = Release|x86
		{80E6B57C-A34D-4442-AE09-181D11DF32E6}.Debug|Any CPU.ActiveCfg = Debug|x86
		{80E6B57C-A34D-4442-AE09-181D11DF32E6}.Debug|Mixed Platforms.ActiveCfg = Debug|x86
		{80E6B57C-A34D-4442-AE09-181D11DF32E6}.Debug|Mixed Platforms.Build.0 = Debug|x86
		{80E6B57C-A34D-4442-AE09-181D11DF32E6}.Debug|x64.ActiveCfg = Debug|x86
		{80E6B57C-A34D-4442-AE09-181D11DF32E6}.Debug|x86.ActiveCfg = Debug|x86
		{80E6B57C-A34D-4442-AE09-181D11DF32E6}.Debug|x86.Build.0 = Debug|x86
		{80E6B57C-A34D-4442-AE09-181D11DF32E6}.Release|Any CPU.ActiveCfg = Release|x86
		{80E6B57C-A34D-4442-AE09-181D11DF32E6}.Release|Mixed Platforms.ActiveCfg = Release|x86
		{80E6B57C-A34D-4442-AE09-181D11DF32E6}.Release|Mixed Platforms.Build.0 = Release|x86
		{80E6B57C-A34D-4442-AE09-181D11DF32E6}.Release|x64.ActiveCfg = Release|x86
		{80E6B57C-A34D-4442-AE09-181D11DF32E6}.Release|x86.ActiveCfg = Release|x86
		{80E6B57C-A34D-4442-AE09-181D11DF32E6}.Release|x86.Build.0 = Release|x86
		{7B9D08A9-A495-4C57-BCF1-5047A0C4C6F7}.Debug|Any CPU.ActiveCfg = Debug|Any CPU
		{7B9D08A9-A495-4C57-BCF1-5047A0C4C6F7}.Debug|Any CPU.Build.0 = Debug|Any CPU
		{7B9D08A9-A495-4C57-BCF1-5047A0C4C6F7}.Debug|Mixed Platforms.ActiveCfg = Debug|Any CPU
		{7B9D08A9-A495-4C57-BCF1-5047A0C4C6F7}.Debug|Mixed Platforms.Build.0 = Debug|Any CPU
		{7B9D08A9-A495-4C57-BCF1-5047A0C4C6F7}.Debug|x64.ActiveCfg = Debug|Any CPU
		{7B9D08A9-A495-4C57-BCF1-5047A0C4C6F7}.Debug|x86.ActiveCfg = Debug|Any CPU
		{7B9D08A9-A495-4C57-BCF1-5047A0C4C6F7}.Release|Any CPU.ActiveCfg = Release|Any CPU
		{7B9D08A9-A495-4C57-BCF1-5047A0C4C6F7}.Release|Any CPU.Build.0 = Release|Any CPU
		{7B9D08A9-A495-4C57-BCF1-5047A0C4C6F7}.Release|Mixed Platforms.ActiveCfg = Release|Any CPU
		{7B9D08A9-A495-4C57-BCF1-5047A0C4C6F7}.Release|Mixed Platforms.Build.0 = Release|Any CPU
		{7B9D08A9-A495-4C57-BCF1-5047A0C4C6F7}.Release|x64.ActiveCfg = Release|Any CPU
		{7B9D08A9-A495-4C57-BCF1-5047A0C4C6F7}.Release|x86.ActiveCfg = Release|Any CPU
		{D06E40A7-652F-4D3B-8F5B-8E4F3B841E7E}.Debug|Any CPU.ActiveCfg = Debug|Any CPU
		{D06E40A7-652F-4D3B-8F5B-8E4F3B841E7E}.Debug|Any CPU.Build.0 = Debug|Any CPU
		{D06E40A7-652F-4D3B-8F5B-8E4F3B841E7E}.Debug|Mixed Platforms.ActiveCfg = Debug|Any CPU
		{D06E40A7-652F-4D3B-8F5B-8E4F3B841E7E}.Debug|Mixed Platforms.Build.0 = Debug|Any CPU
		{D06E40A7-652F-4D3B-8F5B-8E4F3B841E7E}.Debug|x64.ActiveCfg = Debug|Any CPU
		{D06E40A7-652F-4D3B-8F5B-8E4F3B841E7E}.Debug|x86.ActiveCfg = Debug|Any CPU
		{D06E40A7-652F-4D3B-8F5B-8E4F3B841E7E}.Release|Any CPU.ActiveCfg = Release|Any CPU
		{D06E40A7-652F-4D3B-8F5B-8E4F3B841E7E}.Release|Any CPU.Build.0 = Release|Any CPU
		{D06E40A7-652F-4D3B-8F5B-8E4F3B841E7E}.Release|Mixed Platforms.ActiveCfg = Release|Any CPU
		{D06E40A7-652F-4D3B-8F5B-8E4F3B841E7E}.Release|Mixed Platforms.Build.0 = Release|Any CPU
		{D06E40A7-652F-4D3B-8F5B-8E4F3B841E7E}.Release|x64.ActiveCfg = Release|Any CPU
		{D06E40A7-652F-4D3B-8F5B-8E4F3B841E7E}.Release|x86.ActiveCfg = Release|Any CPU
		{C95EF281-8FEF-4D76-9B14-EFEDCCE133D1}.Debug|Any CPU.ActiveCfg = Debug|x86
		{C95EF281-8FEF-4D76-9B14-EFEDCCE133D1}.Debug|Mixed Platforms.ActiveCfg = Debug|x86
		{C95EF281-8FEF-4D76-9B14-EFEDCCE133D1}.Debug|Mixed Platforms.Build.0 = Debug|x86
		{C95EF281-8FEF-4D76-9B14-EFEDCCE133D1}.Debug|x64.ActiveCfg = Debug|x86
		{C95EF281-8FEF-4D76-9B14-EFEDCCE133D1}.Debug|x86.ActiveCfg = Debug|x86
		{C95EF281-8FEF-4D76-9B14-EFEDCCE133D1}.Debug|x86.Build.0 = Debug|x86
		{C95EF281-8FEF-4D76-9B14-EFEDCCE133D1}.Release|Any CPU.ActiveCfg = Release|x86
		{C95EF281-8FEF-4D76-9B14-EFEDCCE133D1}.Release|Mixed Platforms.ActiveCfg = Release|x86
		{C95EF281-8FEF-4D76-9B14-EFEDCCE133D1}.Release|Mixed Platforms.Build.0 = Release|x86
		{C95EF281-8FEF-4D76-9B14-EFEDCCE133D1}.Release|x64.ActiveCfg = Release|x86
		{C95EF281-8FEF-4D76-9B14-EFEDCCE133D1}.Release|x86.ActiveCfg = Release|x86
		{C95EF281-8FEF-4D76-9B14-EFEDCCE133D1}.Release|x86.Build.0 = Release|x86
		{64468AE3-522C-4F18-8331-364E0FCBD942}.Debug|Any CPU.ActiveCfg = Debug|Any CPU
		{64468AE3-522C-4F18-8331-364E0FCBD942}.Debug|Any CPU.Build.0 = Debug|Any CPU
		{64468AE3-522C-4F18-8331-364E0FCBD942}.Debug|Mixed Platforms.ActiveCfg = Debug|Any CPU
		{64468AE3-522C-4F18-8331-364E0FCBD942}.Debug|Mixed Platforms.Build.0 = Debug|Any CPU
		{64468AE3-522C-4F18-8331-364E0FCBD942}.Debug|x64.ActiveCfg = Debug|Any CPU
		{64468AE3-522C-4F18-8331-364E0FCBD942}.Debug|x86.ActiveCfg = Debug|Any CPU
		{64468AE3-522C-4F18-8331-364E0FCBD942}.Release|Any CPU.ActiveCfg = Release|Any CPU
		{64468AE3-522C-4F18-8331-364E0FCBD942}.Release|Any CPU.Build.0 = Release|Any CPU
		{64468AE3-522C-4F18-8331-364E0FCBD942}.Release|Mixed Platforms.ActiveCfg = Release|Any CPU
		{64468AE3-522C-4F18-8331-364E0FCBD942}.Release|Mixed Platforms.Build.0 = Release|Any CPU
		{64468AE3-522C-4F18-8331-364E0FCBD942}.Release|x64.ActiveCfg = Release|Any CPU
		{64468AE3-522C-4F18-8331-364E0FCBD942}.Release|x86.ActiveCfg = Release|Any CPU
		{F7484A47-1256-4566-9C47-78CDD5F403E2}.Debug|Any CPU.ActiveCfg = Debug|Any CPU
		{F7484A47-1256-4566-9C47-78CDD5F403E2}.Debug|Any CPU.Build.0 = Debug|Any CPU
		{F7484A47-1256-4566-9C47-78CDD5F403E2}.Debug|Mixed Platforms.ActiveCfg = Debug|Any CPU
		{F7484A47-1256-4566-9C47-78CDD5F403E2}.Debug|Mixed Platforms.Build.0 = Debug|Any CPU
		{F7484A47-1256-4566-9C47-78CDD5F403E2}.Debug|x64.ActiveCfg = Debug|Any CPU
		{F7484A47-1256-4566-9C47-78CDD5F403E2}.Debug|x86.ActiveCfg = Debug|Any CPU
		{F7484A47-1256-4566-9C47-78CDD5F403E2}.Release|Any CPU.ActiveCfg = Release|Any CPU
		{F7484A47-1256-4566-9C47-78CDD5F403E2}.Release|Any CPU.Build.0 = Release|Any CPU
		{F7484A47-1256-4566-9C47-78CDD5F403E2}.Release|Mixed Platforms.ActiveCfg = Release|Any CPU
		{F7484A47-1256-4566-9C47-78CDD5F403E2}.Release|Mixed Platforms.Build.0 = Release|Any CPU
		{F7484A47-1256-4566-9C47-78CDD5F403E2}.Release|x64.ActiveCfg = Release|Any CPU
		{F7484A47-1256-4566-9C47-78CDD5F403E2}.Release|x86.ActiveCfg = Release|Any CPU
	EndGlobalSection
	GlobalSection(SolutionProperties) = preSolution
		HideSolutionNode = FALSE
	EndGlobalSection
EndGlobal
